// !$*UTF8*$!
{
	archiveVersion = 1;
	classes = {
	};
	objectVersion = 54;
	objects = {

/* Begin PBXBuildFile section */
		1498D2341E8E89220040F4C2 /* GeneratedPluginRegistrant.m in Sources */ = {isa = PBXBuildFile; fileRef = 1498D2331E8E89220040F4C2 /* GeneratedPluginRegistrant.m */; };
		331C808B294A63AB00263BE5 /* RunnerTests.swift in Sources */ = {isa = PBXBuildFile; fileRef = 331C807B294A618700263BE5 /* RunnerTests.swift */; };
		3B3967161E833CAA004F5970 /* AppFrameworkInfo.plist in Resources */ = {isa = PBXBuildFile; fileRef = 3B3967151E833CAA004F5970 /* AppFrameworkInfo.plist */; };
		56EC3CFB168D4A859DE75873 /* WechatOpenSDK in Frameworks */ = {isa = PBXBuildFile; productRef = 68E3107508690E0141DE7C4C /* WechatOpenSDK */; };
		5F25B0D82F34B1A4008C1001 /* AppleCalendarChannel.swift in Sources */ = {isa = PBXBuildFile; fileRef = 5F25B0D72F34B1A4008C1001 /* AppleCalendarChannel.swift */; };
		5F25B0DA2F34B1A5008C1001 /* DashScopeSpeechRecognitionChannel.swift in Sources */ = {isa = PBXBuildFile; fileRef = 5F25B0D92F34B1A5008C1001 /* DashScopeSpeechRecognitionChannel.swift */; };
		5F25B0DC2F34B1A6008C1001 /* AppleMembershipPaymentChannel.swift in Sources */ = {isa = PBXBuildFile; fileRef = 5F25B0DB2F34B1A6008C1001 /* AppleMembershipPaymentChannel.swift */; };
		5F25B0DE2F34B1A7008C1001 /* ReviewRequestChannel.swift in Sources */ = {isa = PBXBuildFile; fileRef = 5F25B0DD2F34B1A7008C1001 /* ReviewRequestChannel.swift */; };
		5F25B0E02F34B1A8008C1001 /* LingCalendarConfiguration.swift in Sources */ = {isa = PBXBuildFile; fileRef = 5F25B0DF2F34B1A8008C1001 /* LingCalendarConfiguration.swift */; };
		5F25B0E22F34B1A9008C1001 /* AppleCalendarDateParser.swift in Sources */ = {isa = PBXBuildFile; fileRef = 5F25B0E12F34B1A9008C1001 /* AppleCalendarDateParser.swift */; };
		5F25B0E42F34B1AA008C1001 /* AppleCalendarRecurrenceCodec.swift in Sources */ = {isa = PBXBuildFile; fileRef = 5F25B0E32F34B1AA008C1001 /* AppleCalendarRecurrenceCodec.swift */; };
		5F25B0E62F34B1AB008C1001 /* AppleCalendarSyncMatcher.swift in Sources */ = {isa = PBXBuildFile; fileRef = 5F25B0E52F34B1AB008C1001 /* AppleCalendarSyncMatcher.swift */; };
		5F25B0E82F34B1AC008C1001 /* AppleCalendarStore.swift in Sources */ = {isa = PBXBuildFile; fileRef = 5F25B0E72F34B1AC008C1001 /* AppleCalendarStore.swift */; };
		5F25B0EA2F34B1AD008C1001 /* DashScopeSpeechRecognitionConfig.swift in Sources */ = {isa = PBXBuildFile; fileRef = 5F25B0E92F34B1AD008C1001 /* DashScopeSpeechRecognitionConfig.swift */; };
		5F25B0EC2F34B1AE008C1001 /* DashScopeTranscriptAccumulator.swift in Sources */ = {isa = PBXBuildFile; fileRef = 5F25B0EB2F34B1AE008C1001 /* DashScopeTranscriptAccumulator.swift */; };
		5F25B0EE2F34B1AF008C1001 /* DashScopeAudioRecordingStore.swift in Sources */ = {isa = PBXBuildFile; fileRef = 5F25B0ED2F34B1AF008C1001 /* DashScopeAudioRecordingStore.swift */; };
		5F25B0F02F34B1B0008C1001 /* DashScopeAudioPreviewLoader.swift in Sources */ = {isa = PBXBuildFile; fileRef = 5F25B0EF2F34B1B0008C1001 /* DashScopeAudioPreviewLoader.swift */; };
		5F25B0F22F34B1B1008C1001 /* DashScopeAudioSessionController.swift in Sources */ = {isa = PBXBuildFile; fileRef = 5F25B0F12F34B1B1008C1001 /* DashScopeAudioSessionController.swift */; };
		5F25B0F42F34B1B2008C1001 /* DashScopeAudioBufferConverter.swift in Sources */ = {isa = PBXBuildFile; fileRef = 5F25B0F32F34B1B2008C1001 /* DashScopeAudioBufferConverter.swift */; };
		65B017D63A5078E0A48E4924 /* Pods_Runner.framework in Frameworks */ = {isa = PBXBuildFile; fileRef = 0A1CD8E8EA860C0C6B9E729B /* Pods_Runner.framework */; };
		6A4000012F41000100C0DE01 /* AppleSignInChannel.swift in Sources */ = {isa = PBXBuildFile; fileRef = 6A4000022F41000100C0DE01 /* AppleSignInChannel.swift */; };
		6A4000032F41000100C0DE01 /* WeChatSDKChannel.swift in Sources */ = {isa = PBXBuildFile; fileRef = 6A4000042F41000100C0DE01 /* WeChatSDKChannel.swift */; };
		74858FAF1ED2DC5600515810 /* AppDelegate.swift in Sources */ = {isa = PBXBuildFile; fileRef = 74858FAE1ED2DC5600515810 /* AppDelegate.swift */; };
		7884E8682EC3CC0700C636F2 /* SceneDelegate.swift in Sources */ = {isa = PBXBuildFile; fileRef = 7884E8672EC3CC0400C636F2 /* SceneDelegate.swift */; };
		78A318202AECB46A00862997 /* FlutterGeneratedPluginSwiftPackage in Frameworks */ = {isa = PBXBuildFile; productRef = 78A3181F2AECB46A00862997 /* FlutterGeneratedPluginSwiftPackage */; };
		8A9B0C1D2E3F4A5B6C7D8E9F /* DeviceContextChannel.swift in Sources */ = {isa = PBXBuildFile; fileRef = 8A9B0C1D2E3F4A5B6C7D8EA0 /* DeviceContextChannel.swift */; };
		8A9B0C1E2E3F4A5B6C7D8E9F /* DeviceContextBackendUploader.swift in Sources */ = {isa = PBXBuildFile; fileRef = 8A9B0C1E2E3F4A5B6C7D8EA0 /* DeviceContextBackendUploader.swift */; };
		8A9B0C1F2E3F4A5B6C7D8E9F /* DeviceContextSnapshotBuilder.swift in Sources */ = {isa = PBXBuildFile; fileRef = 8A9B0C1F2E3F4A5B6C7D8EA0 /* DeviceContextSnapshotBuilder.swift */; };
		97C146FC1CF9000F007C117D /* Main.storyboard in Resources */ = {isa = PBXBuildFile; fileRef = 97C146FA1CF9000F007C117D /* Main.storyboard */; };
		97C146FE1CF9000F007C117D /* Assets.xcassets in Resources */ = {isa = PBXBuildFile; fileRef = 97C146FD1CF9000F007C117D /* Assets.xcassets */; };
		97C147011CF9000F007C117D /* LaunchScreen.storyboard in Resources */ = {isa = PBXBuildFile; fileRef = 97C146FF1CF9000F007C117D /* LaunchScreen.storyboard */; };
		9E3D6AD077955DA5F7E78031 /* Pods_RunnerTests.framework in Frameworks */ = {isa = PBXBuildFile; fileRef = 7592F1FF6B48194DAD576A39 /* Pods_RunnerTests.framework */; };
		A10000012F37A00100C0DE01 /* AliyunNumberAuthChannel.swift in Sources */ = {isa = PBXBuildFile; fileRef = A10000112F37A00100C0DE01 /* AliyunNumberAuthChannel.swift */; };
		A10000022F37A00100C0DE01 /* ATAuthSDK_D.xcframework in Frameworks */ = {isa = PBXBuildFile; fileRef = A10000122F37A00100C0DE01 /* ATAuthSDK_D.xcframework */; };
		A10000032F37A00100C0DE01 /* ATAuthSDK_D.xcframework in Embed Frameworks */ = {isa = PBXBuildFile; fileRef = A10000122F37A00100C0DE01 /* ATAuthSDK_D.xcframework */; settings = {ATTRIBUTES = (CodeSignOnCopy, RemoveHeadersOnCopy, ); }; };
		A10000042F37A00100C0DE01 /* ATAuthSDK.bundle in Resources */ = {isa = PBXBuildFile; fileRef = A10000132F37A00100C0DE01 /* ATAuthSDK.bundle */; };
		A10000052F37A00100C0DE01 /* Network.framework in Frameworks */ = {isa = PBXBuildFile; fileRef = A10000142F37A00100C0DE01 /* Network.framework */; };
		B10000012F50000100C0DE01 /* SharedImageStore.swift in Sources */ = {isa = PBXBuildFile; fileRef = B10000112F50000100C0DE01 /* SharedImageStore.swift */; };
		B10000022F50000100C0DE01 /* SharedImageReceiveChannel.swift in Sources */ = {isa = PBXBuildFile; fileRef = B10000122F50000100C0DE01 /* SharedImageReceiveChannel.swift */; };
		B10000032F50000100C0DE01 /* ShareViewController.swift in Sources */ = {isa = PBXBuildFile; fileRef = B10000132F50000100C0DE01 /* ShareViewController.swift */; };
		B10000042F50000100C0DE01 /* SharedImageStore.swift in Sources */ = {isa = PBXBuildFile; fileRef = B10000112F50000100C0DE01 /* SharedImageStore.swift */; };
		B10000052F50000100C0DE01 /* ShareExtension.appex in Embed App Extensions */ = {isa = PBXBuildFile; fileRef = B10000162F50000100C0DE01 /* ShareExtension.appex */; settings = {ATTRIBUTES = (RemoveHeadersOnCopy, ); }; };
		B10000082F50000100C0DE01 /* ShareExtensionInputLoader.swift in Sources */ = {isa = PBXBuildFile; fileRef = B100001A2F50000100C0DE01 /* ShareExtensionInputLoader.swift */; };
		B10000092F50000100C0DE01 /* ShareExtensionSender.swift in Sources */ = {isa = PBXBuildFile; fileRef = B100001B2F50000100C0DE01 /* ShareExtensionSender.swift */; };
		C10000012F60000100C0DE01 /* NativeShareChannel.swift in Sources */ = {isa = PBXBuildFile; fileRef = C10000112F60000100C0DE01 /* NativeShareChannel.swift */; };
		C10000022F60000100C0DE01 /* SocialShareSDKChannel.swift in Sources */ = {isa = PBXBuildFile; fileRef = C10000122F60000100C0DE01 /* SocialShareSDKChannel.swift */; };
		C10000032F60000100C0DE01 /* AppRuntimeChannel.swift in Sources */ = {isa = PBXBuildFile; fileRef = C10000132F60000100C0DE01 /* AppRuntimeChannel.swift */; };
		C10000042F60000100C0DE01 /* DeepLinkChannel.swift in Sources */ = {isa = PBXBuildFile; fileRef = C10000142F60000100C0DE01 /* DeepLinkChannel.swift */; };
		C10000052F60000100C0DE01 /* NativeCameraPickerChannel.swift in Sources */ = {isa = PBXBuildFile; fileRef = C10000152F60000100C0DE01 /* NativeCameraPickerChannel.swift */; };
		C10000062F60000100C0DE01 /* ExternalCalendarOAuthChannel.swift in Sources */ = {isa = PBXBuildFile; fileRef = C10000162F60000100C0DE01 /* ExternalCalendarOAuthChannel.swift */; };
		C10000072F60000100C0DE01 /* ConversationAttachmentSaveChannel.swift in Sources */ = {isa = PBXBuildFile; fileRef = C10000172F60000100C0DE01 /* ConversationAttachmentSaveChannel.swift */; };
		C10000082F60000100C0DE01 /* CalendarNotificationChannel.swift in Sources */ = {isa = PBXBuildFile; fileRef = C10000182F60000100C0DE01 /* CalendarNotificationChannel.swift */; };
		C10000092F60000100C0DE01 /* AliyunNumberAuthTheme.swift in Sources */ = {isa = PBXBuildFile; fileRef = C10000192F60000100C0DE01 /* AliyunNumberAuthTheme.swift */; };
		C100000A2F60000100C0DE01 /* AliyunNumberAuthModelFactory.swift in Sources */ = {isa = PBXBuildFile; fileRef = C100001A2F60000100C0DE01 /* AliyunNumberAuthModelFactory.swift */; };
		C100000B2F60000100C0DE01 /* LingNotificationRouting.swift in Sources */ = {isa = PBXBuildFile; fileRef = C100001B2F60000100C0DE01 /* LingNotificationRouting.swift */; };
		C100000C2F60000100C0DE01 /* SocialShareImageDecoder.swift in Sources */ = {isa = PBXBuildFile; fileRef = C100001C2F60000100C0DE01 /* SocialShareImageDecoder.swift */; };
		C100000D2F60000100C0DE01 /* SocialSharePhotoLibraryWriter.swift in Sources */ = {isa = PBXBuildFile; fileRef = C100001D2F60000100C0DE01 /* SocialSharePhotoLibraryWriter.swift */; };
		C100000E2F60000100C0DE01 /* PhotoLibraryPermissionChannel.swift in Sources */ = {isa = PBXBuildFile; fileRef = C100001E2F60000100C0DE01 /* PhotoLibraryPermissionChannel.swift */; };
/* End PBXBuildFile section */

/* Begin PBXContainerItemProxy section */
		331C8085294A63A400263BE5 /* PBXContainerItemProxy */ = {
			isa = PBXContainerItemProxy;
			containerPortal = 97C146E61CF9000F007C117D /* Project object */;
			proxyType = 1;
			remoteGlobalIDString = 97C146ED1CF9000F007C117D;
			remoteInfo = Runner;
		};
		B10000062F50000100C0DE01 /* PBXContainerItemProxy */ = {
			isa = PBXContainerItemProxy;
			containerPortal = 97C146E61CF9000F007C117D /* Project object */;
			proxyType = 1;
			remoteGlobalIDString = B10000312F50000100C0DE01;
			remoteInfo = ShareExtension;
		};
/* End PBXContainerItemProxy section */

/* Begin PBXCopyFilesBuildPhase section */
		9705A1C41CF9048500538489 /* Embed Frameworks */ = {
			isa = PBXCopyFilesBuildPhase;
			buildActionMask = 2147483647;
			dstPath = "";
			dstSubfolderSpec = 10;
			files = (
				A10000032F37A00100C0DE01 /* ATAuthSDK_D.xcframework in Embed Frameworks */,
			);
			name = "Embed Frameworks";
			runOnlyForDeploymentPostprocessing = 0;
		};
		B10000612F50000100C0DE01 /* Embed App Extensions */ = {
			isa = PBXCopyFilesBuildPhase;
			buildActionMask = 2147483647;
			dstPath = "";
			dstSubfolderSpec = 13;
			files = (
				B10000052F50000100C0DE01 /* ShareExtension.appex in Embed App Extensions */,
			);
			name = "Embed App Extensions";
			runOnlyForDeploymentPostprocessing = 0;
		};
/* End PBXCopyFilesBuildPhase section */

/* Begin PBXFileReference section */
		0A1CD8E8EA860C0C6B9E729B /* Pods_Runner.framework */ = {isa = PBXFileReference; explicitFileType = wrapper.framework; includeInIndex = 0; path = Pods_Runner.framework; sourceTree = BUILT_PRODUCTS_DIR; };
		1498D2321E8E86230040F4C2 /* GeneratedPluginRegistrant.h */ = {isa = PBXFileReference; lastKnownFileType = sourcecode.c.h; path = GeneratedPluginRegistrant.h; sourceTree = "<group>"; };
		1498D2331E8E89220040F4C2 /* GeneratedPluginRegistrant.m */ = {isa = PBXFileReference; fileEncoding = 4; lastKnownFileType = sourcecode.c.objc; path = GeneratedPluginRegistrant.m; sourceTree = "<group>"; };
		262B496769360E9CAC099502 /* Pods-Runner.release.xcconfig */ = {isa = PBXFileReference; includeInIndex = 1; lastKnownFileType = text.xcconfig; name = "Pods-Runner.release.xcconfig"; path = "Target Support Files/Pods-Runner/Pods-Runner.release.xcconfig"; sourceTree = "<group>"; };
		331C807B294A618700263BE5 /* RunnerTests.swift */ = {isa = PBXFileReference; lastKnownFileType = sourcecode.swift; path = RunnerTests.swift; sourceTree = "<group>"; };
		331C8081294A63A400263BE5 /* RunnerTests.xctest */ = {isa = PBXFileReference; explicitFileType = wrapper.cfbundle; includeInIndex = 0; path = RunnerTests.xctest; sourceTree = BUILT_PRODUCTS_DIR; };
		3B3967151E833CAA004F5970 /* AppFrameworkInfo.plist */ = {isa = PBXFileReference; fileEncoding = 4; lastKnownFileType = text.plist.xml; name = AppFrameworkInfo.plist; path = Flutter/AppFrameworkInfo.plist; sourceTree = "<group>"; };
		46BEA7F8D1C0A3D5D875C795 /* Pods-RunnerTests.release.xcconfig */ = {isa = PBXFileReference; includeInIndex = 1; lastKnownFileType = text.xcconfig; name = "Pods-RunnerTests.release.xcconfig"; path = "Target Support Files/Pods-RunnerTests/Pods-RunnerTests.release.xcconfig"; sourceTree = "<group>"; };
		4D0DDFC59A5A96B63605D1A1 /* Pods-Runner.debug.xcconfig */ = {isa = PBXFileReference; includeInIndex = 1; lastKnownFileType = text.xcconfig; name = "Pods-Runner.debug.xcconfig"; path = "Target Support Files/Pods-Runner/Pods-Runner.debug.xcconfig"; sourceTree = "<group>"; };
		5F25B0D72F34B1A4008C1001 /* AppleCalendarChannel.swift */ = {isa = PBXFileReference; lastKnownFileType = sourcecode.swift; path = AppleCalendarChannel.swift; sourceTree = "<group>"; };
		5F25B0D92F34B1A5008C1001 /* DashScopeSpeechRecognitionChannel.swift */ = {isa = PBXFileReference; lastKnownFileType = sourcecode.swift; path = DashScopeSpeechRecognitionChannel.swift; sourceTree = "<group>"; };
		5F25B0DB2F34B1A6008C1001 /* AppleMembershipPaymentChannel.swift */ = {isa = PBXFileReference; lastKnownFileType = sourcecode.swift; path = AppleMembershipPaymentChannel.swift; sourceTree = "<group>"; };
		5F25B0DD2F34B1A7008C1001 /* ReviewRequestChannel.swift */ = {isa = PBXFileReference; lastKnownFileType = sourcecode.swift; path = ReviewRequestChannel.swift; sourceTree = "<group>"; };
		5F25B0DF2F34B1A8008C1001 /* LingCalendarConfiguration.swift */ = {isa = PBXFileReference; lastKnownFileType = sourcecode.swift; path = LingCalendarConfiguration.swift; sourceTree = "<group>"; };
		5F25B0E12F34B1A9008C1001 /* AppleCalendarDateParser.swift */ = {isa = PBXFileReference; lastKnownFileType = sourcecode.swift; path = AppleCalendarDateParser.swift; sourceTree = "<group>"; };
		5F25B0E32F34B1AA008C1001 /* AppleCalendarRecurrenceCodec.swift */ = {isa = PBXFileReference; lastKnownFileType = sourcecode.swift; path = AppleCalendarRecurrenceCodec.swift; sourceTree = "<group>"; };
		5F25B0E52F34B1AB008C1001 /* AppleCalendarSyncMatcher.swift */ = {isa = PBXFileReference; lastKnownFileType = sourcecode.swift; path = AppleCalendarSyncMatcher.swift; sourceTree = "<group>"; };
		5F25B0E72F34B1AC008C1001 /* AppleCalendarStore.swift */ = {isa = PBXFileReference; lastKnownFileType = sourcecode.swift; path = AppleCalendarStore.swift; sourceTree = "<group>"; };
		5F25B0E92F34B1AD008C1001 /* DashScopeSpeechRecognitionConfig.swift */ = {isa = PBXFileReference; lastKnownFileType = sourcecode.swift; path = DashScopeSpeechRecognitionConfig.swift; sourceTree = "<group>"; };
		5F25B0EB2F34B1AE008C1001 /* DashScopeTranscriptAccumulator.swift */ = {isa = PBXFileReference; lastKnownFileType = sourcecode.swift; path = DashScopeTranscriptAccumulator.swift; sourceTree = "<group>"; };
		5F25B0ED2F34B1AF008C1001 /* DashScopeAudioRecordingStore.swift */ = {isa = PBXFileReference; lastKnownFileType = sourcecode.swift; path = DashScopeAudioRecordingStore.swift; sourceTree = "<group>"; };
		5F25B0EF2F34B1B0008C1001 /* DashScopeAudioPreviewLoader.swift */ = {isa = PBXFileReference; lastKnownFileType = sourcecode.swift; path = DashScopeAudioPreviewLoader.swift; sourceTree = "<group>"; };
		5F25B0F12F34B1B1008C1001 /* DashScopeAudioSessionController.swift */ = {isa = PBXFileReference; lastKnownFileType = sourcecode.swift; path = DashScopeAudioSessionController.swift; sourceTree = "<group>"; };
		5F25B0F32F34B1B2008C1001 /* DashScopeAudioBufferConverter.swift */ = {isa = PBXFileReference; lastKnownFileType = sourcecode.swift; path = DashScopeAudioBufferConverter.swift; sourceTree = "<group>"; };
		6A4000022F41000100C0DE01 /* AppleSignInChannel.swift */ = {isa = PBXFileReference; lastKnownFileType = sourcecode.swift; path = AppleSignInChannel.swift; sourceTree = "<group>"; };
		6A4000042F41000100C0DE01 /* WeChatSDKChannel.swift */ = {isa = PBXFileReference; lastKnownFileType = sourcecode.swift; path = WeChatSDKChannel.swift; sourceTree = "<group>"; };
		6FAB067AE7E394300D6A87FA /* Pods-RunnerTests.debug.xcconfig */ = {isa = PBXFileReference; includeInIndex = 1; lastKnownFileType = text.xcconfig; name = "Pods-RunnerTests.debug.xcconfig"; path = "Target Support Files/Pods-RunnerTests/Pods-RunnerTests.debug.xcconfig"; sourceTree = "<group>"; };
		74858FAD1ED2DC5600515810 /* Runner-Bridging-Header.h */ = {isa = PBXFileReference; lastKnownFileType = sourcecode.c.h; path = "Runner-Bridging-Header.h"; sourceTree = "<group>"; };
		74858FAE1ED2DC5600515810 /* AppDelegate.swift */ = {isa = PBXFileReference; fileEncoding = 4; lastKnownFileType = sourcecode.swift; path = AppDelegate.swift; sourceTree = "<group>"; };
		7592F1FF6B48194DAD576A39 /* Pods_RunnerTests.framework */ = {isa = PBXFileReference; explicitFileType = wrapper.framework; includeInIndex = 0; path = Pods_RunnerTests.framework; sourceTree = BUILT_PRODUCTS_DIR; };
		7884E8672EC3CC0400C636F2 /* SceneDelegate.swift */ = {isa = PBXFileReference; lastKnownFileType = sourcecode.swift; path = SceneDelegate.swift; sourceTree = "<group>"; };
		78D120ED36FB24C900E8B22F /* Profile.xcconfig */ = {isa = PBXFileReference; lastKnownFileType = text.xcconfig; name = Profile.xcconfig; path = Flutter/Profile.xcconfig; sourceTree = "<group>"; };
		78E0A7A72DC9AD7400C4905E /* FlutterGeneratedPluginSwiftPackage */ = {isa = PBXFileReference; lastKnownFileType = wrapper; name = FlutterGeneratedPluginSwiftPackage; path = Flutter/ephemeral/Packages/FlutterGeneratedPluginSwiftPackage; sourceTree = "<group>"; };
		7AFA3C8E1D35360C0083082E /* Release.xcconfig */ = {isa = PBXFileReference; lastKnownFileType = text.xcconfig; name = Release.xcconfig; path = Flutter/Release.xcconfig; sourceTree = "<group>"; };
		8A9B0C1D2E3F4A5B6C7D8EA0 /* DeviceContextChannel.swift */ = {isa = PBXFileReference; lastKnownFileType = sourcecode.swift; path = DeviceContextChannel.swift; sourceTree = "<group>"; };
		8A9B0C1E2E3F4A5B6C7D8EA0 /* DeviceContextBackendUploader.swift */ = {isa = PBXFileReference; lastKnownFileType = sourcecode.swift; path = DeviceContextBackendUploader.swift; sourceTree = "<group>"; };
		8A9B0C1F2E3F4A5B6C7D8EA0 /* DeviceContextSnapshotBuilder.swift */ = {isa = PBXFileReference; lastKnownFileType = sourcecode.swift; path = DeviceContextSnapshotBuilder.swift; sourceTree = "<group>"; };
		8DBEB8E81213B30759BCF12D /* Pods-Runner.profile.xcconfig */ = {isa = PBXFileReference; includeInIndex = 1; lastKnownFileType = text.xcconfig; name = "Pods-Runner.profile.xcconfig"; path = "Target Support Files/Pods-Runner/Pods-Runner.profile.xcconfig"; sourceTree = "<group>"; };
		9740EEB21CF90195004384FC /* Debug.xcconfig */ = {isa = PBXFileReference; fileEncoding = 4; lastKnownFileType = text.xcconfig; name = Debug.xcconfig; path = Flutter/Debug.xcconfig; sourceTree = "<group>"; };
		9740EEB31CF90195004384FC /* Generated.xcconfig */ = {isa = PBXFileReference; fileEncoding = 4; lastKnownFileType = text.xcconfig; name = Generated.xcconfig; path = Flutter/Generated.xcconfig; sourceTree = "<group>"; };
		97C146EE1CF9000F007C117D /* Runner.app */ = {isa = PBXFileReference; explicitFileType = wrapper.application; includeInIndex = 0; path = Runner.app; sourceTree = BUILT_PRODUCTS_DIR; };
		97C146FB1CF9000F007C117D /* Base */ = {isa = PBXFileReference; lastKnownFileType = file.storyboard; name = Base; path = Base.lproj/Main.storyboard; sourceTree = "<group>"; };
		97C146FD1CF9000F007C117D /* Assets.xcassets */ = {isa = PBXFileReference; lastKnownFileType = folder.assetcatalog; path = Assets.xcassets; sourceTree = "<group>"; };
		97C147001CF9000F007C117D /* Base */ = {isa = PBXFileReference; lastKnownFileType = file.storyboard; name = Base; path = Base.lproj/LaunchScreen.storyboard; sourceTree = "<group>"; };
		97C147021CF9000F007C117D /* Info.plist */ = {isa = PBXFileReference; lastKnownFileType = text.plist.xml; path = Info.plist; sourceTree = "<group>"; };
		A10000112F37A00100C0DE01 /* AliyunNumberAuthChannel.swift */ = {isa = PBXFileReference; lastKnownFileType = sourcecode.swift; path = AliyunNumberAuthChannel.swift; sourceTree = "<group>"; };
		A10000122F37A00100C0DE01 /* ATAuthSDK_D.xcframework */ = {isa = PBXFileReference; lastKnownFileType = wrapper.xcframework; path = ATAuthSDK_D.xcframework; sourceTree = "<group>"; };
		A10000132F37A00100C0DE01 /* ATAuthSDK.bundle */ = {isa = PBXFileReference; lastKnownFileType = "wrapper.plug-in"; path = Resources/ATAuthSDK.bundle; sourceTree = "<group>"; };
		A10000142F37A00100C0DE01 /* Network.framework */ = {isa = PBXFileReference; lastKnownFileType = wrapper.framework; name = Network.framework; path = System/Library/Frameworks/Network.framework; sourceTree = SDKROOT; };
		B10000112F50000100C0DE01 /* SharedImageStore.swift */ = {isa = PBXFileReference; lastKnownFileType = sourcecode.swift; path = SharedImageStore.swift; sourceTree = "<group>"; };
		B10000122F50000100C0DE01 /* SharedImageReceiveChannel.swift */ = {isa = PBXFileReference; lastKnownFileType = sourcecode.swift; path = SharedImageReceiveChannel.swift; sourceTree = "<group>"; };
		B10000132F50000100C0DE01 /* ShareViewController.swift */ = {isa = PBXFileReference; lastKnownFileType = sourcecode.swift; path = ShareViewController.swift; sourceTree = "<group>"; };
		B10000142F50000100C0DE01 /* Info.plist */ = {isa = PBXFileReference; lastKnownFileType = text.plist.xml; path = Info.plist; sourceTree = "<group>"; };
		B10000152F50000100C0DE01 /* ShareExtension.entitlements */ = {isa = PBXFileReference; lastKnownFileType = text.plist.entitlements; path = ShareExtension.entitlements; sourceTree = "<group>"; };
		B10000162F50000100C0DE01 /* ShareExtension.appex */ = {isa = PBXFileReference; explicitFileType = "wrapper.app-extension"; includeInIndex = 0; path = ShareExtension.appex; sourceTree = BUILT_PRODUCTS_DIR; };
		B10000172F50000100C0DE01 /* Debug.xcconfig */ = {isa = PBXFileReference; lastKnownFileType = text.xcconfig; path = Debug.xcconfig; sourceTree = "<group>"; };
		B10000182F50000100C0DE01 /* Release.xcconfig */ = {isa = PBXFileReference; lastKnownFileType = text.xcconfig; path = Release.xcconfig; sourceTree = "<group>"; };
		B10000192F50000100C0DE01 /* Profile.xcconfig */ = {isa = PBXFileReference; lastKnownFileType = text.xcconfig; path = Profile.xcconfig; sourceTree = "<group>"; };
		B100001A2F50000100C0DE01 /* ShareExtensionInputLoader.swift */ = {isa = PBXFileReference; lastKnownFileType = sourcecode.swift; path = ShareExtensionInputLoader.swift; sourceTree = "<group>"; };
		B100001B2F50000100C0DE01 /* ShareExtensionSender.swift */ = {isa = PBXFileReference; lastKnownFileType = sourcecode.swift; path = ShareExtensionSender.swift; sourceTree = "<group>"; };
		C10000112F60000100C0DE01 /* NativeShareChannel.swift */ = {isa = PBXFileReference; lastKnownFileType = sourcecode.swift; path = NativeShareChannel.swift; sourceTree = "<group>"; };
		C10000122F60000100C0DE01 /* SocialShareSDKChannel.swift */ = {isa = PBXFileReference; lastKnownFileType = sourcecode.swift; path = SocialShareSDKChannel.swift; sourceTree = "<group>"; };
		C10000132F60000100C0DE01 /* AppRuntimeChannel.swift */ = {isa = PBXFileReference; lastKnownFileType = sourcecode.swift; path = AppRuntimeChannel.swift; sourceTree = "<group>"; };
		C10000142F60000100C0DE01 /* DeepLinkChannel.swift */ = {isa = PBXFileReference; lastKnownFileType = sourcecode.swift; path = DeepLinkChannel.swift; sourceTree = "<group>"; };
		C10000152F60000100C0DE01 /* NativeCameraPickerChannel.swift */ = {isa = PBXFileReference; lastKnownFileType = sourcecode.swift; path = NativeCameraPickerChannel.swift; sourceTree = "<group>"; };
		C10000162F60000100C0DE01 /* ExternalCalendarOAuthChannel.swift */ = {isa = PBXFileReference; lastKnownFileType = sourcecode.swift; path = ExternalCalendarOAuthChannel.swift; sourceTree = "<group>"; };
		C10000172F60000100C0DE01 /* ConversationAttachmentSaveChannel.swift */ = {isa = PBXFileReference; lastKnownFileType = sourcecode.swift; path = ConversationAttachmentSaveChannel.swift; sourceTree = "<group>"; };
		C10000182F60000100C0DE01 /* CalendarNotificationChannel.swift */ = {isa = PBXFileReference; lastKnownFileType = sourcecode.swift; path = CalendarNotificationChannel.swift; sourceTree = "<group>"; };
		C10000192F60000100C0DE01 /* AliyunNumberAuthTheme.swift */ = {isa = PBXFileReference; lastKnownFileType = sourcecode.swift; path = AliyunNumberAuthTheme.swift; sourceTree = "<group>"; };
		C100001A2F60000100C0DE01 /* AliyunNumberAuthModelFactory.swift */ = {isa = PBXFileReference; lastKnownFileType = sourcecode.swift; path = AliyunNumberAuthModelFactory.swift; sourceTree = "<group>"; };
		C100001B2F60000100C0DE01 /* LingNotificationRouting.swift */ = {isa = PBXFileReference; lastKnownFileType = sourcecode.swift; path = LingNotificationRouting.swift; sourceTree = "<group>"; };
		C100001C2F60000100C0DE01 /* SocialShareImageDecoder.swift */ = {isa = PBXFileReference; lastKnownFileType = sourcecode.swift; path = SocialShareImageDecoder.swift; sourceTree = "<group>"; };
		C100001D2F60000100C0DE01 /* SocialSharePhotoLibraryWriter.swift */ = {isa = PBXFileReference; lastKnownFileType = sourcecode.swift; path = SocialSharePhotoLibraryWriter.swift; sourceTree = "<group>"; };
		C100001E2F60000100C0DE01 /* PhotoLibraryPermissionChannel.swift */ = {isa = PBXFileReference; lastKnownFileType = sourcecode.swift; path = PhotoLibraryPermissionChannel.swift; sourceTree = "<group>"; };
		F078539E30F0A629CEAEF5DD /* Pods-RunnerTests.profile.xcconfig */ = {isa = PBXFileReference; includeInIndex = 1; lastKnownFileType = text.xcconfig; name = "Pods-RunnerTests.profile.xcconfig"; path = "Target Support Files/Pods-RunnerTests/Pods-RunnerTests.profile.xcconfig"; sourceTree = "<group>"; };
/* End PBXFileReference section */

/* Begin PBXFrameworksBuildPhase section */
		607ADB5E4821C130EA34F9EE /* Frameworks */ = {
			isa = PBXFrameworksBuildPhase;
			buildActionMask = 2147483647;
			files = (
				9E3D6AD077955DA5F7E78031 /* Pods_RunnerTests.framework in Frameworks */,
			);
			runOnlyForDeploymentPostprocessing = 0;
		};
		97C146EB1CF9000F007C117D /* Frameworks */ = {
			isa = PBXFrameworksBuildPhase;
			buildActionMask = 2147483647;
			files = (
				78A318202AECB46A00862997 /* FlutterGeneratedPluginSwiftPackage in Frameworks */,
				A10000022F37A00100C0DE01 /* ATAuthSDK_D.xcframework in Frameworks */,
				A10000052F37A00100C0DE01 /* Network.framework in Frameworks */,
				56EC3CFB168D4A859DE75873 /* WechatOpenSDK in Frameworks */,
				65B017D63A5078E0A48E4924 /* Pods_Runner.framework in Frameworks */,
			);
			runOnlyForDeploymentPostprocessing = 0;
		};
		B10000212F50000100C0DE01 /* Frameworks */ = {
			isa = PBXFrameworksBuildPhase;
			buildActionMask = 2147483647;
			files = (
			);
			runOnlyForDeploymentPostprocessing = 0;
		};
/* End PBXFrameworksBuildPhase section */

/* Begin PBXGroup section */
		331C8082294A63A400263BE5 /* RunnerTests */ = {
			isa = PBXGroup;
			children = (
				331C807B294A618700263BE5 /* RunnerTests.swift */,
			);
			path = RunnerTests;
			sourceTree = "<group>";
		};
		9740EEB11CF90186004384FC /* Flutter */ = {
			isa = PBXGroup;
			children = (
				78E0A7A72DC9AD7400C4905E /* FlutterGeneratedPluginSwiftPackage */,
				3B3967151E833CAA004F5970 /* AppFrameworkInfo.plist */,
				9740EEB21CF90195004384FC /* Debug.xcconfig */,
				78D120ED36FB24C900E8B22F /* Profile.xcconfig */,
				7AFA3C8E1D35360C0083082E /* Release.xcconfig */,
				9740EEB31CF90195004384FC /* Generated.xcconfig */,
			);
			name = Flutter;
			sourceTree = "<group>";
		};
		97C146E51CF9000F007C117D = {
			isa = PBXGroup;
			children = (
				9740EEB11CF90186004384FC /* Flutter */,
				97C146F01CF9000F007C117D /* Runner */,
				B10000512F50000100C0DE01 /* ShareExtension */,
				A10000212F37A00100C0DE01 /* Frameworks */,
				97C146EF1CF9000F007C117D /* Products */,
				331C8082294A63A400263BE5 /* RunnerTests */,
				D8E2EA375BB18759B5E1957C /* Pods */,
			);
			sourceTree = "<group>";
		};
		97C146EF1CF9000F007C117D /* Products */ = {
			isa = PBXGroup;
			children = (
				97C146EE1CF9000F007C117D /* Runner.app */,
				331C8081294A63A400263BE5 /* RunnerTests.xctest */,
				B10000162F50000100C0DE01 /* ShareExtension.appex */,
			);
			name = Products;
			sourceTree = "<group>";
		};
		97C146F01CF9000F007C117D /* Runner */ = {
			isa = PBXGroup;
			children = (
				97C146FA1CF9000F007C117D /* Main.storyboard */,
				97C146FD1CF9000F007C117D /* Assets.xcassets */,
				97C146FF1CF9000F007C117D /* LaunchScreen.storyboard */,
				97C147021CF9000F007C117D /* Info.plist */,
				A10000132F37A00100C0DE01 /* ATAuthSDK.bundle */,
				1498D2321E8E86230040F4C2 /* GeneratedPluginRegistrant.h */,
				1498D2331E8E89220040F4C2 /* GeneratedPluginRegistrant.m */,
				74858FAE1ED2DC5600515810 /* AppDelegate.swift */,
				5F25B0D72F34B1A4008C1001 /* AppleCalendarChannel.swift */,
				5F25B0DF2F34B1A8008C1001 /* LingCalendarConfiguration.swift */,
				5F25B0E12F34B1A9008C1001 /* AppleCalendarDateParser.swift */,
				5F25B0E32F34B1AA008C1001 /* AppleCalendarRecurrenceCodec.swift */,
				5F25B0E52F34B1AB008C1001 /* AppleCalendarSyncMatcher.swift */,
				5F25B0E72F34B1AC008C1001 /* AppleCalendarStore.swift */,
				C10000182F60000100C0DE01 /* CalendarNotificationChannel.swift */,
				C100001B2F60000100C0DE01 /* LingNotificationRouting.swift */,
				5F25B0DB2F34B1A6008C1001 /* AppleMembershipPaymentChannel.swift */,
				6A4000022F41000100C0DE01 /* AppleSignInChannel.swift */,
				5F25B0D92F34B1A5008C1001 /* DashScopeSpeechRecognitionChannel.swift */,
				5F25B0E92F34B1AD008C1001 /* DashScopeSpeechRecognitionConfig.swift */,
				5F25B0EB2F34B1AE008C1001 /* DashScopeTranscriptAccumulator.swift */,
				5F25B0ED2F34B1AF008C1001 /* DashScopeAudioRecordingStore.swift */,
				5F25B0EF2F34B1B0008C1001 /* DashScopeAudioPreviewLoader.swift */,
				5F25B0F12F34B1B1008C1001 /* DashScopeAudioSessionController.swift */,
				5F25B0F32F34B1B2008C1001 /* DashScopeAudioBufferConverter.swift */,
				A10000112F37A00100C0DE01 /* AliyunNumberAuthChannel.swift */,
				C10000192F60000100C0DE01 /* AliyunNumberAuthTheme.swift */,
				C100001A2F60000100C0DE01 /* AliyunNumberAuthModelFactory.swift */,
				8A9B0C1D2E3F4A5B6C7D8EA0 /* DeviceContextChannel.swift */,
				8A9B0C1E2E3F4A5B6C7D8EA0 /* DeviceContextBackendUploader.swift */,
				8A9B0C1F2E3F4A5B6C7D8EA0 /* DeviceContextSnapshotBuilder.swift */,
				5F25B0DD2F34B1A7008C1001 /* ReviewRequestChannel.swift */,
				C100001E2F60000100C0DE01 /* PhotoLibraryPermissionChannel.swift */,
				7884E8672EC3CC0400C636F2 /* SceneDelegate.swift */,
				C10000112F60000100C0DE01 /* NativeShareChannel.swift */,
				C10000122F60000100C0DE01 /* SocialShareSDKChannel.swift */,
				C100001C2F60000100C0DE01 /* SocialShareImageDecoder.swift */,
				C100001D2F60000100C0DE01 /* SocialSharePhotoLibraryWriter.swift */,
				C10000132F60000100C0DE01 /* AppRuntimeChannel.swift */,
				C10000142F60000100C0DE01 /* DeepLinkChannel.swift */,
				C10000152F60000100C0DE01 /* NativeCameraPickerChannel.swift */,
				C10000162F60000100C0DE01 /* ExternalCalendarOAuthChannel.swift */,
				C10000172F60000100C0DE01 /* ConversationAttachmentSaveChannel.swift */,
				B10000122F50000100C0DE01 /* SharedImageReceiveChannel.swift */,
				B10000112F50000100C0DE01 /* SharedImageStore.swift */,
				6A4000042F41000100C0DE01 /* WeChatSDKChannel.swift */,
				74858FAD1ED2DC5600515810 /* Runner-Bridging-Header.h */,
			);
			path = Runner;
			sourceTree = "<group>";
		};
		A10000212F37A00100C0DE01 /* Frameworks */ = {
			isa = PBXGroup;
			children = (
				A10000122F37A00100C0DE01 /* ATAuthSDK_D.xcframework */,
				A10000142F37A00100C0DE01 /* Network.framework */,
				0A1CD8E8EA860C0C6B9E729B /* Pods_Runner.framework */,
				7592F1FF6B48194DAD576A39 /* Pods_RunnerTests.framework */,
			);
			path = Frameworks;
			sourceTree = "<group>";
		};
		B10000512F50000100C0DE01 /* ShareExtension */ = {
			isa = PBXGroup;
			children = (
				B10000142F50000100C0DE01 /* Info.plist */,
				B10000152F50000100C0DE01 /* ShareExtension.entitlements */,
				B10000172F50000100C0DE01 /* Debug.xcconfig */,
				B10000182F50000100C0DE01 /* Release.xcconfig */,
				B10000192F50000100C0DE01 /* Profile.xcconfig */,
				B10000132F50000100C0DE01 /* ShareViewController.swift */,
				B100001A2F50000100C0DE01 /* ShareExtensionInputLoader.swift */,
				B100001B2F50000100C0DE01 /* ShareExtensionSender.swift */,
			);
			path = ShareExtension;
			sourceTree = "<group>";
		};
		D8E2EA375BB18759B5E1957C /* Pods */ = {
			isa = PBXGroup;
			children = (
				4D0DDFC59A5A96B63605D1A1 /* Pods-Runner.debug.xcconfig */,
				262B496769360E9CAC099502 /* Pods-Runner.release.xcconfig */,
				8DBEB8E81213B30759BCF12D /* Pods-Runner.profile.xcconfig */,
				6FAB067AE7E394300D6A87FA /* Pods-RunnerTests.debug.xcconfig */,
				46BEA7F8D1C0A3D5D875C795 /* Pods-RunnerTests.release.xcconfig */,
				F078539E30F0A629CEAEF5DD /* Pods-RunnerTests.profile.xcconfig */,
			);
			name = Pods;
			path = Pods;
			sourceTree = "<group>";
		};
/* End PBXGroup section */

/* Begin PBXNativeTarget section */
		331C8080294A63A400263BE5 /* RunnerTests */ = {
			isa = PBXNativeTarget;
			buildConfigurationList = 331C8087294A63A400263BE5 /* Build configuration list for PBXNativeTarget "RunnerTests" */;
			buildPhases = (
				5655632D7725E9DEB59B94DF /* [CP] Check Pods Manifest.lock */,
				331C807D294A63A400263BE5 /* Sources */,
				331C807F294A63A400263BE5 /* Resources */,
				607ADB5E4821C130EA34F9EE /* Frameworks */,
			);
			buildRules = (
			);
			dependencies = (
				331C8086294A63A400263BE5 /* PBXTargetDependency */,
			);
			name = RunnerTests;
			productName = RunnerTests;
			productReference = 331C8081294A63A400263BE5 /* RunnerTests.xctest */;
			productType = "com.apple.product-type.bundle.unit-test";
		};
		97C146ED1CF9000F007C117D /* Runner */ = {
			isa = PBXNativeTarget;
			buildConfigurationList = 97C147051CF9000F007C117D /* Build configuration list for PBXNativeTarget "Runner" */;
			buildPhases = (
				7A7CC72195B0E65A1B66F742 /* [CP] Check Pods Manifest.lock */,
				9740EEB61CF901F6004384FC /* Run Script */,
				97C146EA1CF9000F007C117D /* Sources */,
				97C146EB1CF9000F007C117D /* Frameworks */,
				97C146EC1CF9000F007C117D /* Resources */,
				9705A1C41CF9048500538489 /* Embed Frameworks */,
				B10000612F50000100C0DE01 /* Embed App Extensions */,
				3B06AD1E1E4923F5004D2608 /* Thin Binary */,
				A10000062F3A000100C0DE01 /* Re-sign Flutter Native Assets */,
			);
			buildRules = (
			);
			dependencies = (
				B10000072F50000100C0DE01 /* PBXTargetDependency */,
			);
			name = Runner;
			packageProductDependencies = (
				78A3181F2AECB46A00862997 /* FlutterGeneratedPluginSwiftPackage */,
				68E3107508690E0141DE7C4C /* WechatOpenSDK */,
			);
			productName = Runner;
			productReference = 97C146EE1CF9000F007C117D /* Runner.app */;
			productType = "com.apple.product-type.application";
		};
		B10000312F50000100C0DE01 /* ShareExtension */ = {
			isa = PBXNativeTarget;
			buildConfigurationList = B10000442F50000100C0DE01 /* Build configuration list for PBXNativeTarget "ShareExtension" */;
			buildPhases = (
				B10000232F50000100C0DE01 /* Sources */,
				B10000212F50000100C0DE01 /* Frameworks */,
				B10000222F50000100C0DE01 /* Resources */,
			);
			buildRules = (
			);
			dependencies = (
			);
			name = ShareExtension;
			productName = ShareExtension;
			productReference = B10000162F50000100C0DE01 /* ShareExtension.appex */;
			productType = "com.apple.product-type.app-extension";
		};
/* End PBXNativeTarget section */

/* Begin PBXProject section */
		97C146E61CF9000F007C117D /* Project object */ = {
			isa = PBXProject;
			attributes = {
				BuildIndependentTargetsInParallel = YES;
				LastUpgradeCheck = 1510;
				ORGANIZATIONNAME = "";
				TargetAttributes = {
					331C8080294A63A400263BE5 = {
						CreatedOnToolsVersion = 14.0;
						TestTargetID = 97C146ED1CF9000F007C117D;
					};
					97C146ED1CF9000F007C117D = {
						CreatedOnToolsVersion = 7.3.1;
						LastSwiftMigration = 1100;
					};
					B10000312F50000100C0DE01 = {
						CreatedOnToolsVersion = 15.1;
					};
				};
			};
			buildConfigurationList = 97C146E91CF9000F007C117D /* Build configuration list for PBXProject "Runner" */;
			compatibilityVersion = "Xcode 9.3";
			developmentRegion = en;
			hasScannedForEncodings = 0;
			knownRegions = (
				en,
				Base,
			);
			mainGroup = 97C146E51CF9000F007C117D;
			packageReferences = (
				781AD8BC2B33823900A9FFBB /* XCLocalSwiftPackageReference "FlutterGeneratedPluginSwiftPackage" */,
				D30A8E449FDEEF63C99C67BD /* XCLocalSwiftPackageReference "WechatOpenSDK" */,
			);
			productRefGroup = 97C146EF1CF9000F007C117D /* Products */;
			projectDirPath = "";
			projectRoot = "";
			targets = (
				97C146ED1CF9000F007C117D /* Runner */,
				B10000312F50000100C0DE01 /* ShareExtension */,
				331C8080294A63A400263BE5 /* RunnerTests */,
			);
		};
/* End PBXProject section */

/* Begin PBXResourcesBuildPhase section */
		331C807F294A63A400263BE5 /* Resources */ = {
			isa = PBXResourcesBuildPhase;
			buildActionMask = 2147483647;
			files = (
			);
			runOnlyForDeploymentPostprocessing = 0;
		};
		97C146EC1CF9000F007C117D /* Resources */ = {
			isa = PBXResourcesBuildPhase;
			buildActionMask = 2147483647;
			files = (
				A10000042F37A00100C0DE01 /* ATAuthSDK.bundle in Resources */,
				97C147011CF9000F007C117D /* LaunchScreen.storyboard in Resources */,
				3B3967161E833CAA004F5970 /* AppFrameworkInfo.plist in Resources */,
				97C146FE1CF9000F007C117D /* Assets.xcassets in Resources */,
				97C146FC1CF9000F007C117D /* Main.storyboard in Resources */,
			);
			runOnlyForDeploymentPostprocessing = 0;
		};
		B10000222F50000100C0DE01 /* Resources */ = {
			isa = PBXResourcesBuildPhase;
			buildActionMask = 2147483647;
			files = (
			);
			runOnlyForDeploymentPostprocessing = 0;
		};
/* End PBXResourcesBuildPhase section */

/* Begin PBXShellScriptBuildPhase section */
		3B06AD1E1E4923F5004D2608 /* Thin Binary */ = {
			isa = PBXShellScriptBuildPhase;
			alwaysOutOfDate = 1;
			buildActionMask = 2147483647;
			files = (
			);
			inputPaths = (
				"${TARGET_BUILD_DIR}/${INFOPLIST_PATH}",
			);
			name = "Thin Binary";
			outputPaths = (
			);
			runOnlyForDeploymentPostprocessing = 0;
			shellPath = /bin/sh;
			shellScript = "unset http_proxy\nunset https_proxy\nunset HTTP_PROXY\nunset HTTPS_PROXY\nunset ALL_PROXY\nunset all_proxy\nif [ -z \"${SDKROOT:-}\" ]; then\n  case \"${PLATFORM_NAME:-iphoneos}\" in\n    iphonesimulator)\n      export SDKROOT=\"$(xcrun --sdk iphonesimulator --show-sdk-path)\"\n      ;;\n    *)\n      export SDKROOT=\"$(xcrun --sdk iphoneos --show-sdk-path)\"\n      ;;\n  esac\nfi\n/bin/sh \"$FLUTTER_ROOT/packages/flutter_tools/bin/xcode_backend.sh\" embed_and_thin";
		};
		5655632D7725E9DEB59B94DF /* [CP] Check Pods Manifest.lock */ = {
			isa = PBXShellScriptBuildPhase;
			buildActionMask = 2147483647;
			files = (
			);
			inputFileListPaths = (
			);
			inputPaths = (
				"${PODS_PODFILE_DIR_PATH}/Podfile.lock",
				"${PODS_ROOT}/Manifest.lock",
			);
			name = "[CP] Check Pods Manifest.lock";
			outputFileListPaths = (
			);
			outputPaths = (
				"$(DERIVED_FILE_DIR)/Pods-RunnerTests-checkManifestLockResult.txt",
			);
			runOnlyForDeploymentPostprocessing = 0;
			shellPath = /bin/sh;
			shellScript = "diff \"${PODS_PODFILE_DIR_PATH}/Podfile.lock\" \"${PODS_ROOT}/Manifest.lock\" > /dev/null\nif [ $? != 0 ] ; then\n    # print error to STDERR\n    echo \"error: The sandbox is not in sync with the Podfile.lock. Run 'pod install' or update your CocoaPods installation.\" >&2\n    exit 1\nfi\n# This output is used by Xcode 'outputs' to avoid re-running this script phase.\necho \"SUCCESS\" > \"${SCRIPT_OUTPUT_FILE_0}\"\n";
			showEnvVarsInLog = 0;
		};
		7A7CC72195B0E65A1B66F742 /* [CP] Check Pods Manifest.lock */ = {
			isa = PBXShellScriptBuildPhase;
			buildActionMask = 2147483647;
			files = (
			);
			inputFileListPaths = (
			);
			inputPaths = (
				"${PODS_PODFILE_DIR_PATH}/Podfile.lock",
				"${PODS_ROOT}/Manifest.lock",
			);
			name = "[CP] Check Pods Manifest.lock";
			outputFileListPaths = (
			);
			outputPaths = (
				"$(DERIVED_FILE_DIR)/Pods-Runner-checkManifestLockResult.txt",
			);
			runOnlyForDeploymentPostprocessing = 0;
			shellPath = /bin/sh;
			shellScript = "diff \"${PODS_PODFILE_DIR_PATH}/Podfile.lock\" \"${PODS_ROOT}/Manifest.lock\" > /dev/null\nif [ $? != 0 ] ; then\n    # print error to STDERR\n    echo \"error: The sandbox is not in sync with the Podfile.lock. Run 'pod install' or update your CocoaPods installation.\" >&2\n    exit 1\nfi\n# This output is used by Xcode 'outputs' to avoid re-running this script phase.\necho \"SUCCESS\" > \"${SCRIPT_OUTPUT_FILE_0}\"\n";
			showEnvVarsInLog = 0;
		};
		9740EEB61CF901F6004384FC /* Run Script */ = {
			isa = PBXShellScriptBuildPhase;
			alwaysOutOfDate = 1;
			buildActionMask = 2147483647;
			files = (
			);
			inputPaths = (
			);
			name = "Run Script";
			outputPaths = (
			);
			runOnlyForDeploymentPostprocessing = 0;
			shellPath = /bin/sh;
			shellScript = "unset http_proxy\nunset https_proxy\nunset HTTP_PROXY\nunset HTTPS_PROXY\nunset ALL_PROXY\nunset all_proxy\nif [ -z \"${SDKROOT:-}\" ]; then\n  case \"${PLATFORM_NAME:-iphoneos}\" in\n    iphonesimulator)\n      export SDKROOT=\"$(xcrun --sdk iphonesimulator --show-sdk-path)\"\n      ;;\n    *)\n      export SDKROOT=\"$(xcrun --sdk iphoneos --show-sdk-path)\"\n      ;;\n  esac\nfi\n/bin/sh \"$FLUTTER_ROOT/packages/flutter_tools/bin/xcode_backend.sh\" build";
		};
		A10000062F3A000100C0DE01 /* Re-sign Flutter Native Assets */ = {
			isa = PBXShellScriptBuildPhase;
			buildActionMask = 2147483647;
			files = (
			);
			inputFileListPaths = (
			);
			inputPaths = (
				"${TARGET_BUILD_DIR}/${WRAPPER_NAME}/Frameworks",
				"${PROJECT_DIR}/Flutter/sign_native_assets.sh",
			);
			name = "Re-sign Flutter Native Assets";
			outputFileListPaths = (
			);
			outputPaths = (
				"$(DERIVED_FILE_DIR)/flutter-native-assets-resigned.stamp",
			);
			runOnlyForDeploymentPostprocessing = 0;
			shellPath = /bin/sh;
			shellScript = "/bin/sh \"$PROJECT_DIR/Flutter/sign_native_assets.sh\"\n";
			showEnvVarsInLog = 0;
		};
/* End PBXShellScriptBuildPhase section */

/* Begin PBXSourcesBuildPhase section */
		331C807D294A63A400263BE5 /* Sources */ = {
			isa = PBXSourcesBuildPhase;
			buildActionMask = 2147483647;
			files = (
				331C808B294A63AB00263BE5 /* RunnerTests.swift in Sources */,
			);
			runOnlyForDeploymentPostprocessing = 0;
		};
		97C146EA1CF9000F007C117D /* Sources */ = {
			isa = PBXSourcesBuildPhase;
			buildActionMask = 2147483647;
			files = (
				A10000012F37A00100C0DE01 /* AliyunNumberAuthChannel.swift in Sources */,
				74858FAF1ED2DC5600515810 /* AppDelegate.swift in Sources */,
				8A9B0C1D2E3F4A5B6C7D8E9F /* DeviceContextChannel.swift in Sources */,
				8A9B0C1E2E3F4A5B6C7D8E9F /* DeviceContextBackendUploader.swift in Sources */,
				8A9B0C1F2E3F4A5B6C7D8E9F /* DeviceContextSnapshotBuilder.swift in Sources */,
				1498D2341E8E89220040F4C2 /* GeneratedPluginRegistrant.m in Sources */,
				5F25B0D82F34B1A4008C1001 /* AppleCalendarChannel.swift in Sources */,
				5F25B0E02F34B1A8008C1001 /* LingCalendarConfiguration.swift in Sources */,
				5F25B0E22F34B1A9008C1001 /* AppleCalendarDateParser.swift in Sources */,
				5F25B0E42F34B1AA008C1001 /* AppleCalendarRecurrenceCodec.swift in Sources */,
				5F25B0E62F34B1AB008C1001 /* AppleCalendarSyncMatcher.swift in Sources */,
				5F25B0E82F34B1AC008C1001 /* AppleCalendarStore.swift in Sources */,
				C10000082F60000100C0DE01 /* CalendarNotificationChannel.swift in Sources */,
				C100000B2F60000100C0DE01 /* LingNotificationRouting.swift in Sources */,
				5F25B0DC2F34B1A6008C1001 /* AppleMembershipPaymentChannel.swift in Sources */,
				6A4000012F41000100C0DE01 /* AppleSignInChannel.swift in Sources */,
				5F25B0DA2F34B1A5008C1001 /* DashScopeSpeechRecognitionChannel.swift in Sources */,
				5F25B0EA2F34B1AD008C1001 /* DashScopeSpeechRecognitionConfig.swift in Sources */,
				5F25B0EC2F34B1AE008C1001 /* DashScopeTranscriptAccumulator.swift in Sources */,
				5F25B0EE2F34B1AF008C1001 /* DashScopeAudioRecordingStore.swift in Sources */,
				5F25B0F02F34B1B0008C1001 /* DashScopeAudioPreviewLoader.swift in Sources */,
				5F25B0F22F34B1B1008C1001 /* DashScopeAudioSessionController.swift in Sources */,
				5F25B0F42F34B1B2008C1001 /* DashScopeAudioBufferConverter.swift in Sources */,
				5F25B0DE2F34B1A7008C1001 /* ReviewRequestChannel.swift in Sources */,
				7884E8682EC3CC0700C636F2 /* SceneDelegate.swift in Sources */,
				C10000092F60000100C0DE01 /* AliyunNumberAuthTheme.swift in Sources */,
				C100000A2F60000100C0DE01 /* AliyunNumberAuthModelFactory.swift in Sources */,
				C10000012F60000100C0DE01 /* NativeShareChannel.swift in Sources */,
				C10000022F60000100C0DE01 /* SocialShareSDKChannel.swift in Sources */,
				C100000C2F60000100C0DE01 /* SocialShareImageDecoder.swift in Sources */,
				C100000D2F60000100C0DE01 /* SocialSharePhotoLibraryWriter.swift in Sources */,
				C100000E2F60000100C0DE01 /* PhotoLibraryPermissionChannel.swift in Sources */,
				C10000032F60000100C0DE01 /* AppRuntimeChannel.swift in Sources */,
				C10000042F60000100C0DE01 /* DeepLinkChannel.swift in Sources */,
				C10000052F60000100C0DE01 /* NativeCameraPickerChannel.swift in Sources */,
				C10000062F60000100C0DE01 /* ExternalCalendarOAuthChannel.swift in Sources */,
				C10000072F60000100C0DE01 /* ConversationAttachmentSaveChannel.swift in Sources */,
				B10000022F50000100C0DE01 /* SharedImageReceiveChannel.swift in Sources */,
				B10000012F50000100C0DE01 /* SharedImageStore.swift in Sources */,
				6A4000032F41000100C0DE01 /* WeChatSDKChannel.swift in Sources */,
			);
			runOnlyForDeploymentPostprocessing = 0;
		};
		B10000232F50000100C0DE01 /* Sources */ = {
			isa = PBXSourcesBuildPhase;
			buildActionMask = 2147483647;
			files = (
				B10000032F50000100C0DE01 /* ShareViewController.swift in Sources */,
				B10000082F50000100C0DE01 /* ShareExtensionInputLoader.swift in Sources */,
				B10000092F50000100C0DE01 /* ShareExtensionSender.swift in Sources */,
				B10000042F50000100C0DE01 /* SharedImageStore.swift in Sources */,
			);
			runOnlyForDeploymentPostprocessing = 0;
		};
/* End PBXSourcesBuildPhase section */

/* Begin PBXTargetDependency section */
		331C8086294A63A400263BE5 /* PBXTargetDependency */ = {
			isa = PBXTargetDependency;
			target = 97C146ED1CF9000F007C117D /* Runner */;
			targetProxy = 331C8085294A63A400263BE5 /* PBXContainerItemProxy */;
		};
		B10000072F50000100C0DE01 /* PBXTargetDependency */ = {
			isa = PBXTargetDependency;
			target = B10000312F50000100C0DE01 /* ShareExtension */;
			targetProxy = B10000062F50000100C0DE01 /* PBXContainerItemProxy */;
		};
/* End PBXTargetDependency section */

/* Begin PBXVariantGroup section */
		97C146FA1CF9000F007C117D /* Main.storyboard */ = {
			isa = PBXVariantGroup;
			children = (
				97C146FB1CF9000F007C117D /* Base */,
			);
			name = Main.storyboard;
			sourceTree = "<group>";
		};
		97C146FF1CF9000F007C117D /* LaunchScreen.storyboard */ = {
			isa = PBXVariantGroup;
			children = (
				97C147001CF9000F007C117D /* Base */,
			);
			name = LaunchScreen.storyboard;
			sourceTree = "<group>";
		};
/* End PBXVariantGroup section */

/* Begin XCBuildConfiguration section */
		249021D3217E4FDB00AE95B9 /* Profile */ = {
			isa = XCBuildConfiguration;
			buildSettings = {
				ALWAYS_SEARCH_USER_PATHS = NO;
				ASSETCATALOG_COMPILER_GENERATE_SWIFT_ASSET_SYMBOL_EXTENSIONS = YES;
				CLANG_ANALYZER_NONNULL = YES;
				CLANG_CXX_LANGUAGE_STANDARD = "gnu++0x";
				CLANG_CXX_LIBRARY = "libc++";
				CLANG_ENABLE_MODULES = YES;
				CLANG_ENABLE_OBJC_ARC = YES;
				CLANG_WARN_BLOCK_CAPTURE_AUTORELEASING = YES;
				CLANG_WARN_BOOL_CONVERSION = YES;
				CLANG_WARN_COMMA = YES;
				CLANG_WARN_CONSTANT_CONVERSION = YES;
				CLANG_WARN_DEPRECATED_OBJC_IMPLEMENTATIONS = YES;
				CLANG_WARN_DIRECT_OBJC_ISA_USAGE = YES_ERROR;
				CLANG_WARN_EMPTY_BODY = YES;
				CLANG_WARN_ENUM_CONVERSION = YES;
				CLANG_WARN_INFINITE_RECURSION = YES;
				CLANG_WARN_INT_CONVERSION = YES;
				CLANG_WARN_NON_LITERAL_NULL_CONVERSION = YES;
				CLANG_WARN_OBJC_IMPLICIT_RETAIN_SELF = YES;
				CLANG_WARN_OBJC_LITERAL_CONVERSION = YES;
				CLANG_WARN_OBJC_ROOT_CLASS = YES_ERROR;
				CLANG_WARN_QUOTED_INCLUDE_IN_FRAMEWORK_HEADER = YES;
				CLANG_WARN_RANGE_LOOP_ANALYSIS = YES;
				CLANG_WARN_STRICT_PROTOTYPES = YES;
				CLANG_WARN_SUSPICIOUS_MOVE = YES;
				CLANG_WARN_UNREACHABLE_CODE = YES;
				CLANG_WARN__DUPLICATE_METHOD_MATCH = YES;
				"CODE_SIGN_IDENTITY[sdk=iphoneos*]" = "iPhone Developer";
				COPY_PHASE_STRIP = NO;
				DEBUG_INFORMATION_FORMAT = "dwarf-with-dsym";
				ENABLE_NS_ASSERTIONS = NO;
				ENABLE_STRICT_OBJC_MSGSEND = YES;
				ENABLE_USER_SCRIPT_SANDBOXING = NO;
				GCC_C_LANGUAGE_STANDARD = gnu99;
				GCC_NO_COMMON_BLOCKS = YES;
				GCC_WARN_64_TO_32_BIT_CONVERSION = YES;
				GCC_WARN_ABOUT_RETURN_TYPE = YES_ERROR;
				GCC_WARN_UNDECLARED_SELECTOR = YES;
				GCC_WARN_UNINITIALIZED_AUTOS = YES_AGGRESSIVE;
				GCC_WARN_UNUSED_FUNCTION = YES;
				GCC_WARN_UNUSED_VARIABLE = YES;
				IPHONEOS_DEPLOYMENT_TARGET = 13.0;
				MTL_ENABLE_DEBUG_INFO = NO;
				SDKROOT = iphoneos;
				STRING_CATALOG_GENERATE_SYMBOLS = YES;
				SUPPORTED_PLATFORMS = iphoneos;
				TARGETED_DEVICE_FAMILY = 1;
				VALIDATE_PRODUCT = YES;
			};
			name = Profile;
		};
		249021D4217E4FDB00AE95B9 /* Profile */ = {
			isa = XCBuildConfiguration;
			baseConfigurationReference = 78D120ED36FB24C900E8B22F /* Profile.xcconfig */;
			buildSettings = {
				ASSETCATALOG_COMPILER_APPICON_NAME = AppIcon;
				CLANG_ENABLE_MODULES = YES;
				CODE_SIGN_ENTITLEMENTS = Runner/Runner.entitlements;
				CURRENT_PROJECT_VERSION = "$(APP_BUILD_NUMBER)";
				DEVELOPMENT_TEAM = K4FZ3H5MNY;
				DOUYIN_SDK_SWIFT_CONDITION = "";
				ENABLE_BITCODE = NO;
				FRAMEWORK_SEARCH_PATHS = (
					"$(inherited)",
					"$(PROJECT_DIR)/Frameworks",
				);
				INFOPLIST_FILE = "Runner/Info-Debug.plist";
				INFOPLIST_KEY_LSApplicationCategoryType = "public.app-category.business";
				LD_RUNPATH_SEARCH_PATHS = (
					"$(inherited)",
					"@executable_path/Frameworks",
				);
				LING_APP_GROUP_IDENTIFIER = "group.$(APP_BUNDLE_IDENTIFIER)";
				MARKETING_VERSION = "$(APP_MARKETING_VERSION)";
				OTHER_LDFLAGS = (
					"$(inherited)",
					"-ObjC",
				);
				PRODUCT_BUNDLE_IDENTIFIER = "$(APP_BUNDLE_IDENTIFIER)";
				PRODUCT_NAME = "$(TARGET_NAME)";
				SWIFT_ACTIVE_COMPILATION_CONDITIONS = "$(inherited) $(WEIBO_SDK_SWIFT_CONDITION) $(DOUYIN_SDK_SWIFT_CONDITION)";
				SWIFT_OBJC_BRIDGING_HEADER = "Runner/Runner-Bridging-Header.h";
				SWIFT_VERSION = 5.0;
				VERSIONING_SYSTEM = "apple-generic";
				WEIBO_SDK_SWIFT_CONDITION = "";
			};
			name = Profile;
		};
		331C8088294A63A400263BE5 /* Debug */ = {
			isa = XCBuildConfiguration;
			baseConfigurationReference = 6FAB067AE7E394300D6A87FA /* Pods-RunnerTests.debug.xcconfig */;
			buildSettings = {
				BUNDLE_LOADER = "$(TEST_HOST)";
				CODE_SIGN_STYLE = Automatic;
				CURRENT_PROJECT_VERSION = "$(APP_BUILD_NUMBER)";
				DEVELOPMENT_TEAM = K4FZ3H5MNY;
				GENERATE_INFOPLIST_FILE = YES;
				MARKETING_VERSION = "$(APP_MARKETING_VERSION)";
				PRODUCT_BUNDLE_IDENTIFIER = "$(APP_BUNDLE_IDENTIFIER).RunnerTests";
				PRODUCT_NAME = "$(TARGET_NAME)";
				SWIFT_ACTIVE_COMPILATION_CONDITIONS = DEBUG;
				SWIFT_OPTIMIZATION_LEVEL = "-Onone";
				SWIFT_VERSION = 5.0;
				TEST_HOST = "$(BUILT_PRODUCTS_DIR)/Runner.app/$(BUNDLE_EXECUTABLE_FOLDER_PATH)/Runner";
			};
			name = Debug;
		};
		331C8089294A63A400263BE5 /* Release */ = {
			isa = XCBuildConfiguration;
			baseConfigurationReference = 46BEA7F8D1C0A3D5D875C795 /* Pods-RunnerTests.release.xcconfig */;
			buildSettings = {
				BUNDLE_LOADER = "$(TEST_HOST)";
				CODE_SIGN_STYLE = Automatic;
				CURRENT_PROJECT_VERSION = "$(APP_BUILD_NUMBER)";
				DEVELOPMENT_TEAM = K4FZ3H5MNY;
				GENERATE_INFOPLIST_FILE = YES;
				MARKETING_VERSION = "$(APP_MARKETING_VERSION)";
				PRODUCT_BUNDLE_IDENTIFIER = "$(APP_BUNDLE_IDENTIFIER).RunnerTests";
				PRODUCT_NAME = "$(TARGET_NAME)";
				SWIFT_VERSION = 5.0;
				TEST_HOST = "$(BUILT_PRODUCTS_DIR)/Runner.app/$(BUNDLE_EXECUTABLE_FOLDER_PATH)/Runner";
			};
			name = Release;
		};
		331C808A294A63A400263BE5 /* Profile */ = {
			isa = XCBuildConfiguration;
			baseConfigurationReference = F078539E30F0A629CEAEF5DD /* Pods-RunnerTests.profile.xcconfig */;
			buildSettings = {
				BUNDLE_LOADER = "$(TEST_HOST)";
				CODE_SIGN_STYLE = Automatic;
				CURRENT_PROJECT_VERSION = "$(APP_BUILD_NUMBER)";
				DEVELOPMENT_TEAM = K4FZ3H5MNY;
				GENERATE_INFOPLIST_FILE = YES;
				MARKETING_VERSION = "$(APP_MARKETING_VERSION)";
				PRODUCT_BUNDLE_IDENTIFIER = "$(APP_BUNDLE_IDENTIFIER).RunnerTests";
				PRODUCT_NAME = "$(TARGET_NAME)";
				SWIFT_VERSION = 5.0;
				TEST_HOST = "$(BUILT_PRODUCTS_DIR)/Runner.app/$(BUNDLE_EXECUTABLE_FOLDER_PATH)/Runner";
			};
			name = Profile;
		};
		97C147031CF9000F007C117D /* Debug */ = {
			isa = XCBuildConfiguration;
			buildSettings = {
				ALWAYS_SEARCH_USER_PATHS = NO;
				ASSETCATALOG_COMPILER_GENERATE_SWIFT_ASSET_SYMBOL_EXTENSIONS = YES;
				CLANG_ANALYZER_NONNULL = YES;
				CLANG_CXX_LANGUAGE_STANDARD = "gnu++0x";
				CLANG_CXX_LIBRARY = "libc++";
				CLANG_ENABLE_MODULES = YES;
				CLANG_ENABLE_OBJC_ARC = YES;
				CLANG_WARN_BLOCK_CAPTURE_AUTORELEASING = YES;
				CLANG_WARN_BOOL_CONVERSION = YES;
				CLANG_WARN_COMMA = YES;
				CLANG_WARN_CONSTANT_CONVERSION = YES;
				CLANG_WARN_DEPRECATED_OBJC_IMPLEMENTATIONS = YES;
				CLANG_WARN_DIRECT_OBJC_ISA_USAGE = YES_ERROR;
				CLANG_WARN_EMPTY_BODY = YES;
				CLANG_WARN_ENUM_CONVERSION = YES;
				CLANG_WARN_INFINITE_RECURSION = YES;
				CLANG_WARN_INT_CONVERSION = YES;
				CLANG_WARN_NON_LITERAL_NULL_CONVERSION = YES;
				CLANG_WARN_OBJC_IMPLICIT_RETAIN_SELF = YES;
				CLANG_WARN_OBJC_LITERAL_CONVERSION = YES;
				CLANG_WARN_OBJC_ROOT_CLASS = YES_ERROR;
				CLANG_WARN_QUOTED_INCLUDE_IN_FRAMEWORK_HEADER = YES;
				CLANG_WARN_RANGE_LOOP_ANALYSIS = YES;
				CLANG_WARN_STRICT_PROTOTYPES = YES;
				CLANG_WARN_SUSPICIOUS_MOVE = YES;
				CLANG_WARN_UNREACHABLE_CODE = YES;
				CLANG_WARN__DUPLICATE_METHOD_MATCH = YES;
				"CODE_SIGN_IDENTITY[sdk=iphoneos*]" = "iPhone Developer";
				COPY_PHASE_STRIP = NO;
				DEBUG_INFORMATION_FORMAT = dwarf;
				ENABLE_STRICT_OBJC_MSGSEND = YES;
				ENABLE_TESTABILITY = YES;
				ENABLE_USER_SCRIPT_SANDBOXING = NO;
				GCC_C_LANGUAGE_STANDARD = gnu99;
				GCC_DYNAMIC_NO_PIC = NO;
				GCC_NO_COMMON_BLOCKS = YES;
				GCC_OPTIMIZATION_LEVEL = 0;
				GCC_PREPROCESSOR_DEFINITIONS = (
					"DEBUG=1",
					"$(inherited)",
				);
				GCC_WARN_64_TO_32_BIT_CONVERSION = YES;
				GCC_WARN_ABOUT_RETURN_TYPE = YES_ERROR;
				GCC_WARN_UNDECLARED_SELECTOR = YES;
				GCC_WARN_UNINITIALIZED_AUTOS = YES_AGGRESSIVE;
				GCC_WARN_UNUSED_FUNCTION = YES;
				GCC_WARN_UNUSED_VARIABLE = YES;
				IPHONEOS_DEPLOYMENT_TARGET = 13.0;
				MTL_ENABLE_DEBUG_INFO = YES;
				ONLY_ACTIVE_ARCH = YES;
				SDKROOT = iphoneos;
				STRING_CATALOG_GENERATE_SYMBOLS = YES;
				TARGETED_DEVICE_FAMILY = 1;
			};
			name = Debug;
		};
		97C147041CF9000F007C117D /* Release */ = {
			isa = XCBuildConfiguration;
			buildSettings = {
				ALWAYS_SEARCH_USER_PATHS = NO;
				ASSETCATALOG_COMPILER_GENERATE_SWIFT_ASSET_SYMBOL_EXTENSIONS = YES;
				CLANG_ANALYZER_NONNULL = YES;
				CLANG_CXX_LANGUAGE_STANDARD = "gnu++0x";
				CLANG_CXX_LIBRARY = "libc++";
				CLANG_ENABLE_MODULES = YES;
				CLANG_ENABLE_OBJC_ARC = YES;
				CLANG_WARN_BLOCK_CAPTURE_AUTORELEASING = YES;
				CLANG_WARN_BOOL_CONVERSION = YES;
				CLANG_WARN_COMMA = YES;
				CLANG_WARN_CONSTANT_CONVERSION = YES;
				CLANG_WARN_DEPRECATED_OBJC_IMPLEMENTATIONS = YES;
				CLANG_WARN_DIRECT_OBJC_ISA_USAGE = YES_ERROR;
				CLANG_WARN_EMPTY_BODY = YES;
				CLANG_WARN_ENUM_CONVERSION = YES;
				CLANG_WARN_INFINITE_RECURSION = YES;
				CLANG_WARN_INT_CONVERSION = YES;
				CLANG_WARN_NON_LITERAL_NULL_CONVERSION = YES;
				CLANG_WARN_OBJC_IMPLICIT_RETAIN_SELF = YES;
				CLANG_WARN_OBJC_LITERAL_CONVERSION = YES;
				CLANG_WARN_OBJC_ROOT_CLASS = YES_ERROR;
				CLANG_WARN_QUOTED_INCLUDE_IN_FRAMEWORK_HEADER = YES;
				CLANG_WARN_RANGE_LOOP_ANALYSIS = YES;
				CLANG_WARN_STRICT_PROTOTYPES = YES;
				CLANG_WARN_SUSPICIOUS_MOVE = YES;
				CLANG_WARN_UNREACHABLE_CODE = YES;
				CLANG_WARN__DUPLICATE_METHOD_MATCH = YES;
				"CODE_SIGN_IDENTITY[sdk=iphoneos*]" = "iPhone Developer";
				COPY_PHASE_STRIP = NO;
				DEBUG_INFORMATION_FORMAT = "dwarf-with-dsym";
				ENABLE_NS_ASSERTIONS = NO;
				ENABLE_STRICT_OBJC_MSGSEND = YES;
				ENABLE_USER_SCRIPT_SANDBOXING = NO;
				GCC_C_LANGUAGE_STANDARD = gnu99;
				GCC_NO_COMMON_BLOCKS = YES;
				GCC_WARN_64_TO_32_BIT_CONVERSION = YES;
				GCC_WARN_ABOUT_RETURN_TYPE = YES_ERROR;
				GCC_WARN_UNDECLARED_SELECTOR = YES;
				GCC_WARN_UNINITIALIZED_AUTOS = YES_AGGRESSIVE;
				GCC_WARN_UNUSED_FUNCTION = YES;
				GCC_WARN_UNUSED_VARIABLE = YES;
				IPHONEOS_DEPLOYMENT_TARGET = 13.0;
				MTL_ENABLE_DEBUG_INFO = NO;
				SDKROOT = iphoneos;
				STRING_CATALOG_GENERATE_SYMBOLS = YES;
				SUPPORTED_PLATFORMS = iphoneos;
				SWIFT_COMPILATION_MODE = wholemodule;
				SWIFT_OPTIMIZATION_LEVEL = "-O";
				TARGETED_DEVICE_FAMILY = 1;
				VALIDATE_PRODUCT = YES;
			};
			name = Release;
		};
		97C147061CF9000F007C117D /* Debug */ = {
			isa = XCBuildConfiguration;
			baseConfigurationReference = 9740EEB21CF90195004384FC /* Debug.xcconfig */;
			buildSettings = {
				ASSETCATALOG_COMPILER_APPICON_NAME = AppIcon;
				CLANG_ENABLE_MODULES = YES;
				CODE_SIGN_ENTITLEMENTS = Runner/Runner.entitlements;
				CURRENT_PROJECT_VERSION = "$(APP_BUILD_NUMBER)";
				DEVELOPMENT_TEAM = K4FZ3H5MNY;
				DOUYIN_SDK_SWIFT_CONDITION = "";
				ENABLE_BITCODE = NO;
				FRAMEWORK_SEARCH_PATHS = (
					"$(inherited)",
					"$(PROJECT_DIR)/Frameworks",
				);
				INFOPLIST_FILE = Runner/Info.plist;
				INFOPLIST_KEY_LSApplicationCategoryType = "public.app-category.business";
				LD_RUNPATH_SEARCH_PATHS = (
					"$(inherited)",
					"@executable_path/Frameworks",
				);
				LING_APP_GROUP_IDENTIFIER = "group.$(APP_BUNDLE_IDENTIFIER)";
				MARKETING_VERSION = "$(APP_MARKETING_VERSION)";
				OTHER_LDFLAGS = (
					"$(inherited)",
					"-ObjC",
				);
				PRODUCT_BUNDLE_IDENTIFIER = "$(APP_BUNDLE_IDENTIFIER)";
				PRODUCT_NAME = "$(TARGET_NAME)";
				SWIFT_ACTIVE_COMPILATION_CONDITIONS = "$(inherited) $(WEIBO_SDK_SWIFT_CONDITION) $(DOUYIN_SDK_SWIFT_CONDITION)";
				SWIFT_OBJC_BRIDGING_HEADER = "Runner/Runner-Bridging-Header.h";
				SWIFT_OPTIMIZATION_LEVEL = "-Onone";
				SWIFT_VERSION = 5.0;
				VERSIONING_SYSTEM = "apple-generic";
				WEIBO_SDK_SWIFT_CONDITION = "";
			};
			name = Debug;
		};
		97C147071CF9000F007C117D /* Release */ = {
			isa = XCBuildConfiguration;
			baseConfigurationReference = 7AFA3C8E1D35360C0083082E /* Release.xcconfig */;
			buildSettings = {
				ASSETCATALOG_COMPILER_APPICON_NAME = AppIcon;
				CLANG_ENABLE_MODULES = YES;
				CODE_SIGN_ENTITLEMENTS = Runner/Runner.entitlements;
				CURRENT_PROJECT_VERSION = "$(APP_BUILD_NUMBER)";
				DEVELOPMENT_TEAM = K4FZ3H5MNY;
				DOUYIN_SDK_SWIFT_CONDITION = "";
				ENABLE_BITCODE = NO;
				FRAMEWORK_SEARCH_PATHS = (
					"$(inherited)",
					"$(PROJECT_DIR)/Frameworks",
				);
				INFOPLIST_FILE = Runner/Info.plist;
				INFOPLIST_KEY_LSApplicationCategoryType = "public.app-category.business";
				LD_RUNPATH_SEARCH_PATHS = (
					"$(inherited)",
					"@executable_path/Frameworks",
				);
				LING_APP_GROUP_IDENTIFIER = "group.$(APP_BUNDLE_IDENTIFIER)";
				MARKETING_VERSION = "$(APP_MARKETING_VERSION)";
				OTHER_LDFLAGS = (
					"$(inherited)",
					"-ObjC",
				);
				PRODUCT_BUNDLE_IDENTIFIER = "$(APP_BUNDLE_IDENTIFIER)";
				PRODUCT_NAME = "$(TARGET_NAME)";
				SWIFT_ACTIVE_COMPILATION_CONDITIONS = "$(inherited) $(WEIBO_SDK_SWIFT_CONDITION) $(DOUYIN_SDK_SWIFT_CONDITION)";
				SWIFT_OBJC_BRIDGING_HEADER = "Runner/Runner-Bridging-Header.h";
				SWIFT_VERSION = 5.0;
				VERSIONING_SYSTEM = "apple-generic";
				WEIBO_SDK_SWIFT_CONDITION = "";
			};
			name = Release;
		};
		B10000412F50000100C0DE01 /* Debug */ = {
			isa = XCBuildConfiguration;
			baseConfigurationReference = B10000172F50000100C0DE01 /* Debug.xcconfig */;
			buildSettings = {
				APPLICATION_EXTENSION_API_ONLY = YES;
				CLANG_ENABLE_MODULES = YES;
				CODE_SIGN_ENTITLEMENTS = ShareExtension/ShareExtension.entitlements;
				CODE_SIGN_STYLE = Automatic;
				CURRENT_PROJECT_VERSION = "$(APP_BUILD_NUMBER)";
				DEVELOPMENT_TEAM = K4FZ3H5MNY;
				GENERATE_INFOPLIST_FILE = NO;
				INFOPLIST_FILE = ShareExtension/Info.plist;
				IPHONEOS_DEPLOYMENT_TARGET = 13.0;
				LD_RUNPATH_SEARCH_PATHS = (
					"$(inherited)",
					"@executable_path/Frameworks",
					"@executable_path/../../Frameworks",
				);
				LING_APP_GROUP_IDENTIFIER = "group.$(APP_BUNDLE_IDENTIFIER)";
				MARKETING_VERSION = "$(APP_MARKETING_VERSION)";
				PRODUCT_BUNDLE_IDENTIFIER = "$(APP_BUNDLE_IDENTIFIER).ShareExtension";
				PRODUCT_NAME = "$(TARGET_NAME)";
				SKIP_INSTALL = YES;
				SWIFT_OPTIMIZATION_LEVEL = "-Onone";
				SWIFT_VERSION = 5.0;
				TARGETED_DEVICE_FAMILY = 1;
			};
			name = Debug;
		};
		B10000422F50000100C0DE01 /* Release */ = {
			isa = XCBuildConfiguration;
			baseConfigurationReference = B10000182F50000100C0DE01 /* Release.xcconfig */;
			buildSettings = {
				APPLICATION_EXTENSION_API_ONLY = YES;
				CLANG_ENABLE_MODULES = YES;
				CODE_SIGN_ENTITLEMENTS = ShareExtension/ShareExtension.entitlements;
				CODE_SIGN_STYLE = Automatic;
				CURRENT_PROJECT_VERSION = "$(APP_BUILD_NUMBER)";
				DEVELOPMENT_TEAM = K4FZ3H5MNY;
				GENERATE_INFOPLIST_FILE = NO;
				INFOPLIST_FILE = ShareExtension/Info.plist;
				IPHONEOS_DEPLOYMENT_TARGET = 13.0;
				LD_RUNPATH_SEARCH_PATHS = (
					"$(inherited)",
					"@executable_path/Frameworks",
					"@executable_path/../../Frameworks",
				);
				LING_APP_GROUP_IDENTIFIER = "group.$(APP_BUNDLE_IDENTIFIER)";
				MARKETING_VERSION = "$(APP_MARKETING_VERSION)";
				PRODUCT_BUNDLE_IDENTIFIER = "$(APP_BUNDLE_IDENTIFIER).ShareExtension";
				PRODUCT_NAME = "$(TARGET_NAME)";
				SKIP_INSTALL = YES;
				SWIFT_VERSION = 5.0;
				TARGETED_DEVICE_FAMILY = 1;
			};
			name = Release;
		};
		B10000432F50000100C0DE01 /* Profile */ = {
			isa = XCBuildConfiguration;
			baseConfigurationReference = B10000192F50000100C0DE01 /* Profile.xcconfig */;
			buildSettings = {
				APPLICATION_EXTENSION_API_ONLY = YES;
				CLANG_ENABLE_MODULES = YES;
				CODE_SIGN_ENTITLEMENTS = ShareExtension/ShareExtension.entitlements;
				CODE_SIGN_STYLE = Automatic;
				CURRENT_PROJECT_VERSION = "$(APP_BUILD_NUMBER)";
				DEVELOPMENT_TEAM = K4FZ3H5MNY;
				GENERATE_INFOPLIST_FILE = NO;
				INFOPLIST_FILE = ShareExtension/Info.plist;
				IPHONEOS_DEPLOYMENT_TARGET = 13.0;
				LD_RUNPATH_SEARCH_PATHS = (
					"$(inherited)",
					"@executable_path/Frameworks",
					"@executable_path/../../Frameworks",
				);
				LING_APP_GROUP_IDENTIFIER = "group.$(APP_BUNDLE_IDENTIFIER)";
				MARKETING_VERSION = "$(APP_MARKETING_VERSION)";
				PRODUCT_BUNDLE_IDENTIFIER = "$(APP_BUNDLE_IDENTIFIER).ShareExtension";
				PRODUCT_NAME = "$(TARGET_NAME)";
				SKIP_INSTALL = YES;
				SWIFT_VERSION = 5.0;
				TARGETED_DEVICE_FAMILY = 1;
			};
			name = Profile;
		};
/* End XCBuildConfiguration section */

/* Begin XCConfigurationList section */
		331C8087294A63A400263BE5 /* Build configuration list for PBXNativeTarget "RunnerTests" */ = {
			isa = XCConfigurationList;
			buildConfigurations = (
				331C8088294A63A400263BE5 /* Debug */,
				331C8089294A63A400263BE5 /* Release */,
				331C808A294A63A400263BE5 /* Profile */,
			);
			defaultConfigurationIsVisible = 0;
			defaultConfigurationName = Release;
		};
		97C146E91CF9000F007C117D /* Build configuration list for PBXProject "Runner" */ = {
			isa = XCConfigurationList;
			buildConfigurations = (
				97C147031CF9000F007C117D /* Debug */,
				97C147041CF9000F007C117D /* Release */,
				249021D3217E4FDB00AE95B9 /* Profile */,
			);
			defaultConfigurationIsVisible = 0;
			defaultConfigurationName = Release;
		};
		97C147051CF9000F007C117D /* Build configuration list for PBXNativeTarget "Runner" */ = {
			isa = XCConfigurationList;
			buildConfigurations = (
				97C147061CF9000F007C117D /* Debug */,
				97C147071CF9000F007C117D /* Release */,
				249021D4217E4FDB00AE95B9 /* Profile */,
			);
			defaultConfigurationIsVisible = 0;
			defaultConfigurationName = Release;
		};
		B10000442F50000100C0DE01 /* Build configuration list for PBXNativeTarget "ShareExtension" */ = {
			isa = XCConfigurationList;
			buildConfigurations = (
				B10000412F50000100C0DE01 /* Debug */,
				B10000422F50000100C0DE01 /* Release */,
				B10000432F50000100C0DE01 /* Profile */,
			);
			defaultConfigurationIsVisible = 0;
			defaultConfigurationName = Release;
		};
/* End XCConfigurationList section */

/* Begin XCLocalSwiftPackageReference section */
		781AD8BC2B33823900A9FFBB /* XCLocalSwiftPackageReference "FlutterGeneratedPluginSwiftPackage" */ = {
			isa = XCLocalSwiftPackageReference;
			relativePath = Flutter/ephemeral/Packages/FlutterGeneratedPluginSwiftPackage;
		};
		D30A8E449FDEEF63C99C67BD /* XCLocalSwiftPackageReference "WechatOpenSDK" */ = {
			isa = XCLocalSwiftPackageReference;
			relativePath = Packages/WechatOpenSDK;
		};
/* End XCLocalSwiftPackageReference section */

/* Begin XCSwiftPackageProductDependency section */
		68E3107508690E0141DE7C4C /* WechatOpenSDK */ = {
			isa = XCSwiftPackageProductDependency;
			package = D30A8E449FDEEF63C99C67BD /* XCLocalSwiftPackageReference "WechatOpenSDK" */;
			productName = WechatOpenSDK;
		};
		78A3181F2AECB46A00862997 /* FlutterGeneratedPluginSwiftPackage */ = {
			isa = XCSwiftPackageProductDependency;
			productName = FlutterGeneratedPluginSwiftPackage;
		};
/* End XCSwiftPackageProductDependency section */
	};
	rootObject = 97C146E61CF9000F007C117D /* Project object */;
}
